# This file is generated by running "yarn install" inside your project.
# Manual changes might be lost - proceed with caution!

__metadata:
  version: 6
  cacheKey: 8

"nodejs-websocket@npm:^1.7.2":
  version: 1.7.2
  resolution: "nodejs-websocket@npm:1.7.2"
  checksum: a5020b1b14218893e123e47d1290db4198bf47a8dde9780dbb12ed0c74e197b34cdeff9f01c34ade86c7873a572c476761e47b34e795e563bf113a36841ccdfb
  languageName: node
  linkType: hard

"webcocket@workspace:.":
  version: 0.0.0-use.local
  resolution: "webcocket@workspace:."
  dependencies:
    nodejs-websocket: ^1.7.2
  languageName: unknown
  linkType: soft
